
Microsoft Visual Studio Solution File, Format Version 12.00
# Visual Studio Version 16
VisualStudioVersion = 16.0.30413.136
MinimumVisualStudioVersion = 10.0.40219.1
Project("{FAE04EC0-301F-11D3-BF4B-00C04F79EFBC}") = "Pic_Analyzator", "Pic_Analyzator\Pic_Analyzator.csproj", "{AC55E125-0ABD-40C6-ABBB-AD748741544C}"
EndProject
Global
	GlobalSection(SolutionConfigurationPlatforms) = preSolution
		Debug|Any CPU = Debug|Any CPU
		Release|Any CPU = Release|Any CPU
	EndGlobalSection
	GlobalSection(ProjectConfigurationPlatforms) = postSolution
		{AC55E125-0ABD-40C6-ABBB-AD748741544C}.Debug|Any CPU.ActiveCfg = Debug|Any CPU
		{AC55E125-0ABD-40C6-ABBB-AD748741544C}.Debug|Any CPU.Build.0 = Debug|Any CPU
		{AC55E125-0ABD-40C6-ABBB-AD748741544C}.Release|Any CPU.ActiveCfg = Release|Any CPU
		{AC55E125-0ABD-40C6-ABBB-AD748741544C}.Release|Any CPU.Build.0 = Release|Any CPU
	EndGlobalSection
	GlobalSection(SolutionProperties) = preSolution
		HideSolutionNode = FALSE
	EndGlobalSection
	GlobalSection(ExtensibilityGlobals) = postSolution
		SolutionGuid = {68F9C16D-A9EF-4E0C-87B1-06B1EADF3CB3}
	EndGlobalSection
EndGlobal
